
Microsoft Visual Studio Solution File, Format Version 12.00
# Visual Studio Version 16
VisualStudioVersion = 16.0.32602.291
MinimumVisualStudioVersion = 10.0.40219.1
Project("{FAE04EC0-301F-11D3-BF4B-00C04F79EFBC}") = "HomeSolutionApi", "HomeSolutionApi\HomeSolutionApi.csproj", "{EF18F016-637F-453A-8AAD-D9D1D3BBB44A}"
EndProject
Project("{FAE04EC0-301F-11D3-BF4B-00C04F79EFBC}") = "HomeSolutionCore", "HomeSolutionCore\HomeSolutionCore.csproj", "{B1A2D429-EEE0-4866-9930-A969DF94A29D}"
EndProject
Global
	GlobalSection(SolutionConfigurationPlatforms) = preSolution
		Debug|Any CPU = Debug|Any CPU
		Release|Any CPU = Release|Any CPU
	EndGlobalSection
	GlobalSection(ProjectConfigurationPlatforms) = postSolution
		{EF18F016-637F-453A-8AAD-D9D1D3BBB44A}.Debug|Any CPU.ActiveCfg = Debug|Any CPU
		{EF18F016-637F-453A-8AAD-D9D1D3BBB44A}.Debug|Any CPU.Build.0 = Debug|Any CPU
		{EF18F016-637F-453A-8AAD-D9D1D3BBB44A}.Release|Any CPU.ActiveCfg = Release|Any CPU
		{EF18F016-637F-453A-8AAD-D9D1D3BBB44A}.Release|Any CPU.Build.0 = Release|Any CPU
		{B1A2D429-EEE0-4866-9930-A969DF94A29D}.Debug|Any CPU.ActiveCfg = Debug|Any CPU
		{B1A2D429-EEE0-4866-9930-A969DF94A29D}.Debug|Any CPU.Build.0 = Debug|Any CPU
		{B1A2D429-EEE0-4866-9930-A969DF94A29D}.Release|Any CPU.ActiveCfg = Release|Any CPU
		{B1A2D429-EEE0-4866-9930-A969DF94A29D}.Release|Any CPU.Build.0 = Release|Any CPU
	EndGlobalSection
	GlobalSection(SolutionProperties) = preSolution
		HideSolutionNode = FALSE
	EndGlobalSection
	GlobalSection(ExtensibilityGlobals) = postSolution
		SolutionGuid = {C3D6712D-3E6B-4DCC-BAEC-C69E724B99EF}
	EndGlobalSection
EndGlobal
